// !$*UTF8*$!
{
	archiveVersion = 1;
	classes = {
	};
	objectVersion = 50;
	objects = {

/* Begin PBXBuildFile section */
		446D2FFD20E4858E0012225E /* AppDelegate.m in Sources */ = {isa = PBXBuildFile; fileRef = 446D2FFC20E4858E0012225E /* AppDelegate.m */; };
		446D300020E4858E0012225E /* ViewController.m in Sources */ = {isa = PBXBuildFile; fileRef = 446D2FFF20E4858E0012225E /* ViewController.m */; };
		446D300320E4858E0012225E /* Main.storyboard in Resources */ = {isa = PBXBuildFile; fileRef = 446D300120E4858E0012225E /* Main.storyboard */; };
		446D300520E4858F0012225E /* Assets.xcassets in Resources */ = {isa = PBXBuildFile; fileRef = 446D300420E4858F0012225E /* Assets.xcassets */; };
		446D300820E4858F0012225E /* LaunchScreen.storyboard in Resources */ = {isa = PBXBuildFile; fileRef = 446D300620E4858F0012225E /* LaunchScreen.storyboard */; };
		446D300B20E4858F0012225E /* main.m in Sources */ = {isa = PBXBuildFile; fileRef = 446D300A20E4858F0012225E /* main.m */; };
		446D302F20E48F980012225E /* QcxSDK.framework in Frameworks */ = {isa = PBXBuildFile; fileRef = 446D302E20E48F970012225E /* QcxSDK.framework */; };
		446D303020E4B2FB0012225E /* QcxSDK.framework in Frameworks */ = {isa = PBXBuildFile; fileRef = 446D302E20E48F970012225E /* QcxSDK.framework */; };
		446D303120E4B2FB0012225E /* QcxSDK.framework in Embed Frameworks */ = {isa = PBXBuildFile; fileRef = 446D302E20E48F970012225E /* QcxSDK.framework */; settings = {ATTRIBUTES = (CodeSignOnCopy, RemoveHeadersOnCopy, ); }; };
/* End PBXBuildFile section */

/* Begin PBXCopyFilesBuildPhase section */
		446D303220E4B2FB0012225E /* Embed Frameworks */ = {
			isa = PBXCopyFilesBuildPhase;
			buildActionMask = 2147483647;
			dstPath = "";
			dstSubfolderSpec = 10;
			files = (
				446D303120E4B2FB0012225E /* QcxSDK.framework in Embed Frameworks */,
			);
			name = "Embed Frameworks";
			runOnlyForDeploymentPostprocessing = 0;
		};
/* End PBXCopyFilesBuildPhase section */

/* Begin PBXFileReference section */
		446D2FF820E4858E0012225E /* QcxSDKDemo.app */ = {isa = PBXFileReference; explicitFileType = wrapper.application; includeInIndex = 0; path = QcxSDKDemo.app; sourceTree = BUILT_PRODUCTS_DIR; };
		446D2FFB20E4858E0012225E /* AppDelegate.h */ = {isa = PBXFileReference; lastKnownFileType = sourcecode.c.h; path = AppDelegate.h; sourceTree = "<group>"; };
		446D2FFC20E4858E0012225E /* AppDelegate.m */ = {isa = PBXFileReference; lastKnownFileType = sourcecode.c.objc; path = AppDelegate.m; sourceTree = "<group>"; };
		446D2FFE20E4858E0012225E /* ViewController.h */ = {isa = PBXFileReference; lastKnownFileType = sourcecode.c.h; path = ViewController.h; sourceTree = "<group>"; };
		446D2FFF20E4858E0012225E /* ViewController.m */ = {isa = PBXFileReference; lastKnownFileType = sourcecode.c.objc; path = ViewController.m; sourceTree = "<group>"; };
		446D300220E4858E0012225E /* Base */ = {isa = PBXFileReference; lastKnownFileType = file.storyboard; name = Base; path = Base.lproj/Main.storyboard; sourceTree = "<group>"; };
		446D300420E4858F0012225E /* Assets.xcassets */ = {isa = PBXFileReference; lastKnownFileType = folder.assetcatalog; path = Assets.xcassets; sourceTree = "<group>"; };
		446D300720E4858F0012225E /* Base */ = {isa = PBXFileReference; lastKnownFileType = file.storyboard; name = Base; path = Base.lproj/LaunchScreen.storyboard; sourceTree = "<group>"; };
		446D300920E4858F0012225E /* Info.plist */ = {isa = PBXFileReference; lastKnownFileType = text.plist.xml; path = Info.plist; sourceTree = "<group>"; };
		446D300A20E4858F0012225E /* main.m */ = {isa = PBXFileReference; lastKnownFileType = sourcecode.c.objc; path = main.m; sourceTree = "<group>"; };
		446D302E20E48F970012225E /* QcxSDK.framework */ = {isa = PBXFileReference; lastKnownFileType = wrapper.framework; path = QcxSDK.framework; sourceTree = "<group>"; };
/* End PBXFileReference section */

/* Begin PBXFrameworksBuildPhase section */
		446D2FF520E4858E0012225E /* Frameworks */ = {
			isa = PBXFrameworksBuildPhase;
			buildActionMask = 2147483647;
			files = (
				446D303020E4B2FB0012225E /* QcxSDK.framework in Frameworks */,
				446D302F20E48F980012225E /* QcxSDK.framework in Frameworks */,
			);
			runOnlyForDeploymentPostprocessing = 0;
		};
/* End PBXFrameworksBuildPhase section */

/* Begin PBXGroup section */
		446D2FEF20E4858E0012225E = {
			isa = PBXGroup;
			children = (
				446D2FFA20E4858E0012225E /* QcxSDKDemo */,
				446D2FF920E4858E0012225E /* Products */,
			);
			sourceTree = "<group>";
		};
		446D2FF920E4858E0012225E /* Products */ = {
			isa = PBXGroup;
			children = (
				446D2FF820E4858E0012225E /* QcxSDKDemo.app */,
			);
			name = Products;
			sourceTree = "<group>";
		};
		446D2FFA20E4858E0012225E /* QcxSDKDemo */ = {
			isa = PBXGroup;
			children = (
				446D2FFB20E4858E0012225E /* AppDelegate.h */,
				446D2FFC20E4858E0012225E /* AppDelegate.m */,
				446D2FFE20E4858E0012225E /* ViewController.h */,
				446D2FFF20E4858E0012225E /* ViewController.m */,
				446D302E20E48F970012225E /* QcxSDK.framework */,
				446D300120E4858E0012225E /* Main.storyboard */,
				446D300420E4858F0012225E /* Assets.xcassets */,
				446D300620E4858F0012225E /* LaunchScreen.storyboard */,
				446D300920E4858F0012225E /* Info.plist */,
				446D300A20E4858F0012225E /* main.m */,
			);
			path = QcxSDKDemo;
			sourceTree = "<group>";
		};
/* End PBXGroup section */

/* Begin PBXNativeTarget section */
		446D2FF720E4858E0012225E /* QcxSDKDemo */ = {
			isa = PBXNativeTarget;
			buildConfigurationList = 446D300E20E4858F0012225E /* Build configuration list for PBXNativeTarget "QcxSDKDemo" */;
			buildPhases = (
				446D2FF420E4858E0012225E /* Sources */,
				446D2FF520E4858E0012225E /* Frameworks */,
				446D2FF620E4858E0012225E /* Resources */,
				446D303220E4B2FB0012225E /* Embed Frameworks */,
			);
			buildRules = (
			);
			dependencies = (
			);
			name = QcxSDKDemo;
			productName = QcxSDKDemo;
			productReference = 446D2FF820E4858E0012225E /* QcxSDKDemo.app */;
			productType = "com.apple.product-type.application";
		};
/* End PBXNativeTarget section */

/* Begin PBXProject section */
		446D2FF020E4858E0012225E /* Project object */ = {
			isa = PBXProject;
			attributes = {
				LastUpgradeCheck = 0940;
				ORGANIZATIONNAME = "乔春晓";
				TargetAttributes = {
					446D2FF720E4858E0012225E = {
						CreatedOnToolsVersion = 9.4.1;
					};
				};
			};
			buildConfigurationList = 446D2FF320E4858E0012225E /* Build configuration list for PBXProject "QcxSDKDemo" */;
			compatibilityVersion = "Xcode 9.3";
			developmentRegion = en;
			hasScannedForEncodings = 0;
			knownRegions = (
				en,
				Base,
			);
			mainGroup = 446D2FEF20E4858E0012225E;
			productRefGroup = 446D2FF920E4858E0012225E /* Products */;
			projectDirPath = "";
			projectRoot = "";
			targets = (
				446D2FF720E4858E0012225E /* QcxSDKDemo */,
			);
		};
/* End PBXProject section */

/* Begin PBXResourcesBuildPhase section */
		446D2FF620E4858E0012225E /* Resources */ = {
			isa = PBXResourcesBuildPhase;
			buildActionMask = 2147483647;
			files = (
				446D300820E4858F0012225E /* LaunchScreen.storyboard in Resources */,
				446D300520E4858F0012225E /* Assets.xcassets in Resources */,
				446D300320E4858E0012225E /* Main.storyboard in Resources */,
			);
			runOnlyForDeploymentPostprocessing = 0;
		};
/* End PBXResourcesBuildPhase section */

/* Begin PBXSourcesBuildPhase section */
		446D2FF420E4858E0012225E /* Sources */ = {
			isa = PBXSourcesBuildPhase;
			buildActionMask = 2147483647;
			files = (
				446D300020E4858E0012225E /* ViewController.m in Sources */,
				446D300B20E4858F0012225E /* main.m in Sources */,
				446D2FFD20E4858E0012225E /* AppDelegate.m in Sources */,
			);
			runOnlyForDeploymentPostprocessing = 0;
		};
/* End PBXSourcesBuildPhase section */

/* Begin PBXVariantGroup section */
		446D300120E4858E0012225E /* Main.storyboard */ = {
			isa = PBXVariantGroup;
			children = (
				446D300220E4858E0012225E /* Base */,
			);
			name = Main.storyboard;
			sourceTree = "<group>";
		};
		446D300620E4858F0012225E /* LaunchScreen.storyboard */ = {
			isa = PBXVariantGroup;
			children = (
				446D300720E4858F0012225E /* Base */,
			);
			name = LaunchScreen.storyboard;
			sourceTree = "<group>";
		};
/* End PBXVariantGroup section */

/* Begin XCBuildConfiguration section */
		446D300C20E4858F0012225E /* Debug */ = {
			isa = XCBuildConfiguration;
			buildSettings = {
				ALWAYS_SEARCH_USER_PATHS = NO;
				CLANG_ANALYZER_NONNULL = YES;
				CLANG_ANALYZER_NUMBER_OBJECT_CONVERSION = YES_AGGRESSIVE;
				CLANG_CXX_LANGUAGE_STANDARD = "gnu++14";
				CLANG_CXX_LIBRARY = "libc++";
				CLANG_ENABLE_MODULES = YES;
				CLANG_ENABLE_OBJC_ARC = YES;
				CLANG_ENABLE_OBJC_WEAK = YES;
				CLANG_WARN_BLOCK_CAPTURE_AUTORELEASING = YES;
				CLANG_WARN_BOOL_CONVERSION = YES;
				CLANG_WARN_COMMA = YES;
				CLANG_WARN_CONSTANT_CONVERSION = YES;
				CLANG_WARN_DEPRECATED_OBJC_IMPLEMENTATIONS = YES;
				CLANG_WARN_DIRECT_OBJC_ISA_USAGE = YES_ERROR;
				CLANG_WARN_DOCUMENTATION_COMMENTS = YES;
				CLANG_WARN_EMPTY_BODY = YES;
				CLANG_WARN_ENUM_CONVERSION = YES;
				CLANG_WARN_INFINITE_RECURSION = YES;
				CLANG_WARN_INT_CONVERSION = YES;
				CLANG_WARN_NON_LITERAL_NULL_CONVERSION = YES;
				CLANG_WARN_OBJC_IMPLICIT_RETAIN_SELF = YES;
				CLANG_WARN_OBJC_LITERAL_CONVERSION = YES;
				CLANG_WARN_OBJC_ROOT_CLASS = YES_ERROR;
				CLANG_WARN_RANGE_LOOP_ANALYSIS = YES;
				CLANG_WARN_STRICT_PROTOTYPES = YES;
				CLANG_WARN_SUSPICIOUS_MOVE = YES;
				CLANG_WARN_UNGUARDED_AVAILABILITY = YES_AGGRESSIVE;
				CLANG_WARN_UNREACHABLE_CODE = YES;
				CLANG_WARN__DUPLICATE_METHOD_MATCH = YES;
				CODE_SIGN_IDENTITY = "iPhone Developer";
				COPY_PHASE_STRIP = NO;
				DEBUG_INFORMATION_FORMAT = dwarf;
				ENABLE_STRICT_OBJC_MSGSEND = YES;
				ENABLE_TESTABILITY = YES;
				GCC_C_LANGUAGE_STANDARD = gnu11;
				GCC_DYNAMIC_NO_PIC = NO;
				GCC_NO_COMMON_BLOCKS = YES;
				GCC_OPTIMIZATION_LEVEL = 0;
				GCC_PREPROCESSOR_DEFINITIONS = (
					"DEBUG=1",
					"$(inherited)",
				);
				GCC_WARN_64_TO_32_BIT_CONVERSION = YES;
				GCC_WARN_ABOUT_RETURN_TYPE = YES_ERROR;
				GCC_WARN_UNDECLARED_SELECTOR = YES;
				GCC_WARN_UNINITIALIZED_AUTOS = YES_AGGRESSIVE;
				GCC_WARN_UNUSED_FUNCTION = YES;
				GCC_WARN_UNUSED_VARIABLE = YES;
				IPHONEOS_DEPLOYMENT_TARGET = 11.4;
				MTL_ENABLE_DEBUG_INFO = YES;
				ONLY_ACTIVE_ARCH = YES;
				SDKROOT = iphoneos;
			};
			name = Debug;
		};
		446D300D20E4858F0012225E /* Release */ = {
			isa = XCBuildConfiguration;
			buildSettings = {
				ALWAYS_SEARCH_USER_PATHS = NO;
				CLANG_ANALYZER_NONNULL = YES;
				CLANG_ANALYZER_NUMBER_OBJECT_CONVERSION = YES_AGGRESSIVE;
				CLANG_CXX_LANGUAGE_STANDARD = "gnu++14";
				CLANG_CXX_LIBRARY = "libc++";
				CLANG_ENABLE_MODULES = YES;
				CLANG_ENABLE_OBJC_ARC = YES;
				CLANG_ENABLE_OBJC_WEAK = YES;
				CLANG_WARN_BLOCK_CAPTURE_AUTORELEASING = YES;
				CLANG_WARN_BOOL_CONVERSION = YES;
				CLANG_WARN_COMMA = YES;
				CLANG_WARN_CONSTANT_CONVERSION = YES;
				CLANG_WARN_DEPRECATED_OBJC_IMPLEMENTATIONS = YES;
				CLANG_WARN_DIRECT_OBJC_ISA_USAGE = YES_ERROR;
				CLANG_WARN_DOCUMENTATION_COMMENTS = YES;
				CLANG_WARN_EMPTY_BODY = YES;
				CLANG_WARN_ENUM_CONVERSION = YES;
				CLANG_WARN_INFINITE_RECURSION = YES;
				CLANG_WARN_INT_CONVERSION = YES;
				CLANG_WARN_NON_LITERAL_NULL_CONVERSION = YES;
				CLANG_WARN_OBJC_IMPLICIT_RETAIN_SELF = YES;
				CLANG_WARN_OBJC_LITERAL_CONVERSION = YES;
				CLANG_WARN_OBJC_ROOT_CLASS = YES_ERROR;
				CLANG_WARN_RANGE_LOOP_ANALYSIS = YES;
				CLANG_WARN_STRICT_PROTOTYPES = YES;
				CLANG_WARN_SUSPICIOUS_MOVE = YES;
				CLANG_WARN_UNGUARDED_AVAILABILITY = YES_AGGRESSIVE;
				CLANG_WARN_UNREACHABLE_CODE = YES;
				CLANG_WARN__DUPLICATE_METHOD_MATCH = YES;
				CODE_SIGN_IDENTITY = "iPhone Developer";
				COPY_PHASE_STRIP = NO;
				DEBUG_INFORMATION_FORMAT = "dwarf-with-dsym";
				ENABLE_NS_ASSERTIONS = NO;
				ENABLE_STRICT_OBJC_MSGSEND = YES;
				GCC_C_LANGUAGE_STANDARD = gnu11;
				GCC_NO_COMMON_BLOCKS = YES;
				GCC_WARN_64_TO_32_BIT_CONVERSION = YES;
				GCC_WARN_ABOUT_RETURN_TYPE = YES_ERROR;
				GCC_WARN_UNDECLARED_SELECTOR = YES;
				GCC_WARN_UNINITIALIZED_AUTOS = YES_AGGRESSIVE;
				GCC_WARN_UNUSED_FUNCTION = YES;
				GCC_WARN_UNUSED_VARIABLE = YES;
				IPHONEOS_DEPLOYMENT_TARGET = 11.4;
				MTL_ENABLE_DEBUG_INFO = NO;
				SDKROOT = iphoneos;
				VALIDATE_PRODUCT = YES;
			};
			name = Release;
		};
		446D300F20E4858F0012225E /* Debug */ = {
			isa = XCBuildConfiguration;
			buildSettings = {
				ASSETCATALOG_COMPILER_APPICON_NAME = AppIcon;
				CODE_SIGN_STYLE = Automatic;
				DEVELOPMENT_TEAM = Y98NPR558C;
				FRAMEWORK_SEARCH_PATHS = (
					"$(inherited)",
					"$(PROJECT_DIR)/QcxSDKDemo",
				);
				INFOPLIST_FILE = QcxSDKDemo/Info.plist;
				IPHONEOS_DEPLOYMENT_TARGET = 11.0;
				LD_RUNPATH_SEARCH_PATHS = (
					"$(inherited)",
					"@executable_path/Frameworks",
				);
				PRODUCT_BUNDLE_IDENTIFIER = QCX.QcxSDKDemo;
				PRODUCT_NAME = "$(TARGET_NAME)";
				TARGETED_DEVICE_FAMILY = "1,2";
			};
			name = Debug;
		};
		446D301020E4858F0012225E /* Release */ = {
			isa = XCBuildConfiguration;
			buildSettings = {
				ASSETCATALOG_COMPILER_APPICON_NAME = AppIcon;
				CODE_SIGN_STYLE = Automatic;
				DEVELOPMENT_TEAM = Y98NPR558C;
				FRAMEWORK_SEARCH_PATHS = (
					"$(inherited)",
					"$(PROJECT_DIR)/QcxSDKDemo",
				);
				INFOPLIST_FILE = QcxSDKDemo/Info.plist;
				IPHONEOS_DEPLOYMENT_TARGET = 11.0;
				LD_RUNPATH_SEARCH_PATHS = (
					"$(inherited)",
					"@executable_path/Frameworks",
				);
				PRODUCT_BUNDLE_IDENTIFIER = QCX.QcxSDKDemo;
				PRODUCT_NAME = "$(TARGET_NAME)";
				TARGETED_DEVICE_FAMILY = "1,2";
			};
			name = Release;
		};
/* End XCBuildConfiguration section */

/* Begin XCConfigurationList section */
		446D2FF320E4858E0012225E /* Build configuration list for PBXProject "QcxSDKDemo" */ = {
			isa = XCConfigurationList;
			buildConfigurations = (
				446D300C20E4858F0012225E /* Debug */,
				446D300D20E4858F0012225E /* Release */,
			);
			defaultConfigurationIsVisible = 0;
			defaultConfigurationName = Release;
		};
		446D300E20E4858F0012225E /* Build configuration list for PBXNativeTarget "QcxSDKDemo" */ = {
			isa = XCConfigurationList;
			buildConfigurations = (
				446D300F20E4858F0012225E /* Debug */,
				446D301020E4858F0012225E /* Release */,
			);
			defaultConfigurationIsVisible = 0;
			defaultConfigurationName = Release;
		};
/* End XCConfigurationList section */
	};
	rootObject = 446D2FF020E4858E0012225E /* Project object */;
}
